
Microsoft Visual Studio Solution File, Format Version 12.00
# Visual Studio Version 16
VisualStudioVersion = 16.0.31727.386
MinimumVisualStudioVersion = 10.0.40219.1
Project("{8BC9CEB8-8B4A-11D0-8D11-00A0C91BC942}") = "Complejo", "Complejo\Complejo.vcxproj", "{863772BB-D2E2-4C37-8C35-FCBE7D979976}"
EndProject
Project("{8BC9CEB8-8B4A-11D0-8D11-00A0C91BC942}") = "UnitTestComplejo", "UnitTestComplejo\UnitTestComplejo.vcxproj", "{632DE11C-F409-425A-93C0-0D9D0B1BF716}"
EndProject
Global
	GlobalSection(SolutionConfigurationPlatforms) = preSolution
		Debug|x64 = Debug|x64
		Debug|x86 = Debug|x86
		Release|x64 = Release|x64
		Release|x86 = Release|x86
	EndGlobalSection
	GlobalSection(ProjectConfigurationPlatforms) = postSolution
		{863772BB-D2E2-4C37-8C35-FCBE7D979976}.Debug|x64.ActiveCfg = Debug|x64
		{863772BB-D2E2-4C37-8C35-FCBE7D979976}.Debug|x64.Build.0 = Debug|x64
		{863772BB-D2E2-4C37-8C35-FCBE7D979976}.Debug|x86.ActiveCfg = Debug|Win32
		{863772BB-D2E2-4C37-8C35-FCBE7D979976}.Debug|x86.Build.0 = Debug|Win32
		{863772BB-D2E2-4C37-8C35-FCBE7D979976}.Release|x64.ActiveCfg = Release|x64
		{863772BB-D2E2-4C37-8C35-FCBE7D979976}.Release|x64.Build.0 = Release|x64
		{863772BB-D2E2-4C37-8C35-FCBE7D979976}.Release|x86.ActiveCfg = Release|Win32
		{863772BB-D2E2-4C37-8C35-FCBE7D979976}.Release|x86.Build.0 = Release|Win32
		{632DE11C-F409-425A-93C0-0D9D0B1BF716}.Debug|x64.ActiveCfg = Debug|x64
		{632DE11C-F409-425A-93C0-0D9D0B1BF716}.Debug|x64.Build.0 = Debug|x64
		{632DE11C-F409-425A-93C0-0D9D0B1BF716}.Debug|x86.ActiveCfg = Debug|Win32
		{632DE11C-F409-425A-93C0-0D9D0B1BF716}.Debug|x86.Build.0 = Debug|Win32
		{632DE11C-F409-425A-93C0-0D9D0B1BF716}.Release|x64.ActiveCfg = Release|x64
		{632DE11C-F409-425A-93C0-0D9D0B1BF716}.Release|x64.Build.0 = Release|x64
		{632DE11C-F409-425A-93C0-0D9D0B1BF716}.Release|x86.ActiveCfg = Release|Win32
		{632DE11C-F409-425A-93C0-0D9D0B1BF716}.Release|x86.Build.0 = Release|Win32
	EndGlobalSection
	GlobalSection(SolutionProperties) = preSolution
		HideSolutionNode = FALSE
	EndGlobalSection
	GlobalSection(ExtensibilityGlobals) = postSolution
		SolutionGuid = {5D2AA3EF-BB24-4370-9F84-4AC62FE53F39}
	EndGlobalSection
EndGlobal
